
Microsoft Visual Studio Solution File, Format Version 12.00
# Visual Studio 15
VisualStudioVersion = 15.0.28010.2036
MinimumVisualStudioVersion = 10.0.40219.1
Project("{FAE04EC0-301F-11D3-BF4B-00C04F79EFBC}") = "TrxParserLibrary", "TrxParserLibrary\TrxParserLibrary.csproj", "{05BFC02C-D441-467A-BE00-B0156B619AB6}"
EndProject
Global
	GlobalSection(SolutionConfigurationPlatforms) = preSolution
		Debug|Any CPU = Debug|Any CPU
		Release|Any CPU = Release|Any CPU
	EndGlobalSection
	GlobalSection(ProjectConfigurationPlatforms) = postSolution
		{05BFC02C-D441-467A-BE00-B0156B619AB6}.Debug|Any CPU.ActiveCfg = Debug|Any CPU
		{05BFC02C-D441-467A-BE00-B0156B619AB6}.Debug|Any CPU.Build.0 = Debug|Any CPU
		{05BFC02C-D441-467A-BE00-B0156B619AB6}.Release|Any CPU.ActiveCfg = Release|Any CPU
		{05BFC02C-D441-467A-BE00-B0156B619AB6}.Release|Any CPU.Build.0 = Release|Any CPU
	EndGlobalSection
	GlobalSection(SolutionProperties) = preSolution
		HideSolutionNode = FALSE
	EndGlobalSection
	GlobalSection(ExtensibilityGlobals) = postSolution
		SolutionGuid = {AAE92C67-DE91-4CB0-9DC5-341A434DE57A}
	EndGlobalSection
EndGlobal
